github.com/ebitengine/purego v0.9.0 h1:mh0zpKBIXDceC63hpvPuGLiJ8ZAa3DfrFTudmfi8A4k=
github.com/ebitengine/purego v0.9.0/go.mod h1:iIjxzd6CiRiOG0UyXP+V1+jWqUXVjPKLAI0mRfJZTmQ=
github.com/shota3506/onnxruntime-purego v0.0.0-20260315223538-8db8bd7424b2 h1:jW34+ipjoob+BfuLfALS6FBJh84KJcmzFowmxsImA/o=
github.com/shota3506/onnxruntime-purego v0.0.0-20260315223538-8db8bd7424b2/go.mod h1:jsOuI9QymOruQ9UdLrCbMPFykhI13d5FcuV60R1wJ6Q=
